
Microsoft Visual Studio Solution File, Format Version 12.00
# Visual Studio Version 17
VisualStudioVersion = 17.5.33516.290
MinimumVisualStudioVersion = 10.0.40219.1
Project("{9A19103F-16F7-4668-BE54-9A1E7A4F7556}") = "CoreValidatorExample.WebSite", "CoreMVCValidatorExample\CoreValidatorExample.WebSite.csproj", "{9DE16656-5ADD-41D9-84C9-D21812DBEA94}"
EndProject
Project("{9A19103F-16F7-4668-BE54-9A1E7A4F7556}") = "CoreValidatorExample.WebAPI", "CoreWebApiValidatorExample\CoreValidatorExample.WebAPI.csproj", "{1784A360-34E9-4A2B-A703-1C09E50CE88E}"
EndProject
Project("{2150E333-8FDC-42A3-9474-1A3956D46DE8}") = "Solution Items", "Solution Items", "{E8F90C3B-4FEE-4416-BE3A-B55AC77C7E3A}"
	ProjectSection(SolutionItems) = preProject
		ReadMe.md = ReadMe.md
	EndProjectSection
EndProject
Project("{9A19103F-16F7-4668-BE54-9A1E7A4F7556}") = "CoreValidatorExample.WebSite.Tests.Unit", "CoreValidatorExample.WebSite.Tests.Unit\CoreValidatorExample.WebSite.Tests.Unit.csproj", "{96D28FF5-4721-40BD-B92C-F861A720E8CB}"
EndProject
Project("{FAE04EC0-301F-11D3-BF4B-00C04F79EFBC}") = "CoreMVCValidatorExample.APILibrary", "CoreMVCValidatorExample.APILibrary\CoreMVCValidatorExample.APILibrary.csproj", "{CF6F1270-B7FD-4643-89D9-7DAA43BC6BAA}"
EndProject
Global
	GlobalSection(SolutionConfigurationPlatforms) = preSolution
		Debug|Any CPU = Debug|Any CPU
		Release|Any CPU = Release|Any CPU
	EndGlobalSection
	GlobalSection(ProjectConfigurationPlatforms) = postSolution
		{9DE16656-5ADD-41D9-84C9-D21812DBEA94}.Debug|Any CPU.ActiveCfg = Debug|Any CPU
		{9DE16656-5ADD-41D9-84C9-D21812DBEA94}.Debug|Any CPU.Build.0 = Debug|Any CPU
		{9DE16656-5ADD-41D9-84C9-D21812DBEA94}.Release|Any CPU.ActiveCfg = Release|Any CPU
		{9DE16656-5ADD-41D9-84C9-D21812DBEA94}.Release|Any CPU.Build.0 = Release|Any CPU
		{1784A360-34E9-4A2B-A703-1C09E50CE88E}.Debug|Any CPU.ActiveCfg = Debug|Any CPU
		{1784A360-34E9-4A2B-A703-1C09E50CE88E}.Debug|Any CPU.Build.0 = Debug|Any CPU
		{1784A360-34E9-4A2B-A703-1C09E50CE88E}.Release|Any CPU.ActiveCfg = Release|Any CPU
		{1784A360-34E9-4A2B-A703-1C09E50CE88E}.Release|Any CPU.Build.0 = Release|Any CPU
		{96D28FF5-4721-40BD-B92C-F861A720E8CB}.Debug|Any CPU.ActiveCfg = Debug|Any CPU
		{96D28FF5-4721-40BD-B92C-F861A720E8CB}.Debug|Any CPU.Build.0 = Debug|Any CPU
		{96D28FF5-4721-40BD-B92C-F861A720E8CB}.Release|Any CPU.ActiveCfg = Release|Any CPU
		{96D28FF5-4721-40BD-B92C-F861A720E8CB}.Release|Any CPU.Build.0 = Release|Any CPU
		{CF6F1270-B7FD-4643-89D9-7DAA43BC6BAA}.Debug|Any CPU.ActiveCfg = Debug|Any CPU
		{CF6F1270-B7FD-4643-89D9-7DAA43BC6BAA}.Debug|Any CPU.Build.0 = Debug|Any CPU
		{CF6F1270-B7FD-4643-89D9-7DAA43BC6BAA}.Release|Any CPU.ActiveCfg = Release|Any CPU
		{CF6F1270-B7FD-4643-89D9-7DAA43BC6BAA}.Release|Any CPU.Build.0 = Release|Any CPU
	EndGlobalSection
	GlobalSection(SolutionProperties) = preSolution
		HideSolutionNode = FALSE
	EndGlobalSection
	GlobalSection(ExtensibilityGlobals) = postSolution
		SolutionGuid = {4EC61E11-8641-4430-9BE7-BA16A7396A18}
	EndGlobalSection
EndGlobal
